Microsoft Visual Studio Solution File, Format Version 12.00
# Visual Studio Version 18
VisualStudioVersion = 18.0.0.0
MinimumVisualStudioVersion = 10.0.40219.1
Project("{FAE04EC0-301F-11D3-BF4B-00C04F79EFBC}") = "WL.Stair.Core", "src\WL.Stair.Core\WL.Stair.Core.csproj", "{5BC1E851-65C2-4C62-9E9E-BD2B7045843A}"
EndProject
Project("{FAE04EC0-301F-11D3-BF4B-00C04F79EFBC}") = "WL.Stair.Tests", "tests\WL.Stair.Tests\WL.Stair.Tests.csproj", "{8C07D364-C9AD-4DA6-99A4-C3475A63A91B}"
EndProject
Project("{FAE04EC0-301F-11D3-BF4B-00C04F79EFBC}") = "WL.Stair.Cad2022", "src\WL.Stair.Cad2022\WL.Stair.Cad2022.csproj", "{A2CFBA2B-0699-4938-B5DE-BBD033348134}"
EndProject
Global
	GlobalSection(SolutionConfigurationPlatforms) = preSolution
		Debug|Any CPU = Debug|Any CPU
		Release|Any CPU = Release|Any CPU
	EndGlobalSection
	GlobalSection(ProjectConfigurationPlatforms) = postSolution
		{5BC1E851-65C2-4C62-9E9E-BD2B7045843A}.Debug|Any CPU.ActiveCfg = Debug|Any CPU
		{5BC1E851-65C2-4C62-9E9E-BD2B7045843A}.Debug|Any CPU.Build.0 = Debug|Any CPU
		{5BC1E851-65C2-4C62-9E9E-BD2B7045843A}.Release|Any CPU.ActiveCfg = Release|Any CPU
		{5BC1E851-65C2-4C62-9E9E-BD2B7045843A}.Release|Any CPU.Build.0 = Release|Any CPU
		{8C07D364-C9AD-4DA6-99A4-C3475A63A91B}.Debug|Any CPU.ActiveCfg = Debug|Any CPU
		{8C07D364-C9AD-4DA6-99A4-C3475A63A91B}.Debug|Any CPU.Build.0 = Debug|Any CPU
		{8C07D364-C9AD-4DA6-99A4-C3475A63A91B}.Release|Any CPU.ActiveCfg = Release|Any CPU
		{8C07D364-C9AD-4DA6-99A4-C3475A63A91B}.Release|Any CPU.Build.0 = Release|Any CPU
		{A2CFBA2B-0699-4938-B5DE-BBD033348134}.Debug|Any CPU.ActiveCfg = Debug|Any CPU
		{A2CFBA2B-0699-4938-B5DE-BBD033348134}.Debug|Any CPU.Build.0 = Debug|Any CPU
		{A2CFBA2B-0699-4938-B5DE-BBD033348134}.Release|Any CPU.ActiveCfg = Release|Any CPU
		{A2CFBA2B-0699-4938-B5DE-BBD033348134}.Release|Any CPU.Build.0 = Release|Any CPU
	EndGlobalSection
EndGlobal
